
Microsoft Visual Studio Solution File, Format Version 12.00
# Visual Studio Version 16
VisualStudioVersion = 16.0.29519.87
MinimumVisualStudioVersion = 10.0.40219.1
Project("{FAE04EC0-301F-11D3-BF4B-00C04F79EFBC}") = "ShellTest", "ShellTest\ShellTest.csproj", "{7333370D-1DA2-4750-AD3B-B1D6EDDDADAA}"
EndProject
Global
	GlobalSection(SolutionConfigurationPlatforms) = preSolution
		Debug|Any CPU = Debug|Any CPU
		Debug|x64 = Debug|x64
		Release|Any CPU = Release|Any CPU
		Release|x64 = Release|x64
	EndGlobalSection
	GlobalSection(ProjectConfigurationPlatforms) = postSolution
		{7333370D-1DA2-4750-AD3B-B1D6EDDDADAA}.Debug|Any CPU.ActiveCfg = Debug|Any CPU
		{7333370D-1DA2-4750-AD3B-B1D6EDDDADAA}.Debug|Any CPU.Build.0 = Debug|Any CPU
		{7333370D-1DA2-4750-AD3B-B1D6EDDDADAA}.Debug|x64.ActiveCfg = Debug|Any CPU
		{7333370D-1DA2-4750-AD3B-B1D6EDDDADAA}.Debug|x64.Build.0 = Debug|Any CPU
		{7333370D-1DA2-4750-AD3B-B1D6EDDDADAA}.Release|Any CPU.ActiveCfg = Release|Any CPU
		{7333370D-1DA2-4750-AD3B-B1D6EDDDADAA}.Release|Any CPU.Build.0 = Release|Any CPU
		{7333370D-1DA2-4750-AD3B-B1D6EDDDADAA}.Release|x64.ActiveCfg = Release|Any CPU
		{7333370D-1DA2-4750-AD3B-B1D6EDDDADAA}.Release|x64.Build.0 = Release|Any CPU
	EndGlobalSection
	GlobalSection(SolutionProperties) = preSolution
		HideSolutionNode = FALSE
	EndGlobalSection
	GlobalSection(ExtensibilityGlobals) = postSolution
		SolutionGuid = {A5F48995-9983-42E4-9697-C74441692750}
	EndGlobalSection
EndGlobal
